
Microsoft Visual Studio Solution File, Format Version 12.00
# Visual Studio Version 17
VisualStudioVersion = 17.5.002.0
MinimumVisualStudioVersion = 10.0.40219.1
Project("{2150E333-8FDC-42A3-9474-1A3956D46DE8}") = "semana1", "semana1", "{B9B4AE5B-A46E-41C1-805F-5A55ABDB0C40}"
EndProject
Project("{9A19103F-16F7-4668-BE54-9A1E7A4F7556}") = "Meuprojeto", "semana1\Meuprojeto\Meuprojeto.csproj", "{43D4D5FE-D588-415E-826C-A119F6326D56}"
EndProject
Project("{2150E333-8FDC-42A3-9474-1A3956D46DE8}") = "semana2", "semana2", "{D7B13C86-2071-48C2-99C6-754B24CAC993}"
EndProject
Project("{FAE04EC0-301F-11D3-BF4B-00C04F79EFBC}") = "Meuprojeto", "semana2\Meuprojeto\Meuprojeto.csproj", "{114EC64C-244C-47B9-AA3C-96D7E1EE2B63}"
EndProject
Project("{FAE04EC0-301F-11D3-BF4B-00C04F79EFBC}") = "P002", "semana2\P002\P002.csproj", "{F8DF8EAA-CF34-4318-A383-98FD0D8307D1}"
EndProject
Project("{2150E333-8FDC-42A3-9474-1A3956D46DE8}") = "Semana3", "Semana3", "{63DDDA83-4F95-4076-B0E7-E032104A7930}"
EndProject
Project("{FAE04EC0-301F-11D3-BF4B-00C04F79EFBC}") = "Exemplos_Aula", "Semana3\Exemplos_Aula\Exemplos_Aula.csproj", "{A9A8D266-3879-45CE-B705-9A6C5780F4EA}"
EndProject
Project("{FAE04EC0-301F-11D3-BF4B-00C04F79EFBC}") = "P003", "Semana3\P003\P003.csproj", "{278CA458-CF6B-4027-B6AF-11E3130BB987}"
EndProject
Global
	GlobalSection(SolutionConfigurationPlatforms) = preSolution
		Debug|Any CPU = Debug|Any CPU
		Release|Any CPU = Release|Any CPU
	EndGlobalSection
	GlobalSection(ProjectConfigurationPlatforms) = postSolution
		{43D4D5FE-D588-415E-826C-A119F6326D56}.Debug|Any CPU.ActiveCfg = Debug|Any CPU
		{43D4D5FE-D588-415E-826C-A119F6326D56}.Debug|Any CPU.Build.0 = Debug|Any CPU
		{43D4D5FE-D588-415E-826C-A119F6326D56}.Release|Any CPU.ActiveCfg = Release|Any CPU
		{43D4D5FE-D588-415E-826C-A119F6326D56}.Release|Any CPU.Build.0 = Release|Any CPU
		{114EC64C-244C-47B9-AA3C-96D7E1EE2B63}.Debug|Any CPU.ActiveCfg = Debug|Any CPU
		{114EC64C-244C-47B9-AA3C-96D7E1EE2B63}.Debug|Any CPU.Build.0 = Debug|Any CPU
		{114EC64C-244C-47B9-AA3C-96D7E1EE2B63}.Release|Any CPU.ActiveCfg = Release|Any CPU
		{114EC64C-244C-47B9-AA3C-96D7E1EE2B63}.Release|Any CPU.Build.0 = Release|Any CPU
		{F8DF8EAA-CF34-4318-A383-98FD0D8307D1}.Debug|Any CPU.ActiveCfg = Debug|Any CPU
		{F8DF8EAA-CF34-4318-A383-98FD0D8307D1}.Debug|Any CPU.Build.0 = Debug|Any CPU
		{F8DF8EAA-CF34-4318-A383-98FD0D8307D1}.Release|Any CPU.ActiveCfg = Release|Any CPU
		{F8DF8EAA-CF34-4318-A383-98FD0D8307D1}.Release|Any CPU.Build.0 = Release|Any CPU
		{A9A8D266-3879-45CE-B705-9A6C5780F4EA}.Debug|Any CPU.ActiveCfg = Debug|Any CPU
		{A9A8D266-3879-45CE-B705-9A6C5780F4EA}.Debug|Any CPU.Build.0 = Debug|Any CPU
		{A9A8D266-3879-45CE-B705-9A6C5780F4EA}.Release|Any CPU.ActiveCfg = Release|Any CPU
		{A9A8D266-3879-45CE-B705-9A6C5780F4EA}.Release|Any CPU.Build.0 = Release|Any CPU
		{278CA458-CF6B-4027-B6AF-11E3130BB987}.Debug|Any CPU.ActiveCfg = Debug|Any CPU
		{278CA458-CF6B-4027-B6AF-11E3130BB987}.Debug|Any CPU.Build.0 = Debug|Any CPU
		{278CA458-CF6B-4027-B6AF-11E3130BB987}.Release|Any CPU.ActiveCfg = Release|Any CPU
		{278CA458-CF6B-4027-B6AF-11E3130BB987}.Release|Any CPU.Build.0 = Release|Any CPU
	EndGlobalSection
	GlobalSection(SolutionProperties) = preSolution
		HideSolutionNode = FALSE
	EndGlobalSection
	GlobalSection(NestedProjects) = preSolution
		{43D4D5FE-D588-415E-826C-A119F6326D56} = {B9B4AE5B-A46E-41C1-805F-5A55ABDB0C40}
		{114EC64C-244C-47B9-AA3C-96D7E1EE2B63} = {D7B13C86-2071-48C2-99C6-754B24CAC993}
		{F8DF8EAA-CF34-4318-A383-98FD0D8307D1} = {D7B13C86-2071-48C2-99C6-754B24CAC993}
		{A9A8D266-3879-45CE-B705-9A6C5780F4EA} = {63DDDA83-4F95-4076-B0E7-E032104A7930}
		{278CA458-CF6B-4027-B6AF-11E3130BB987} = {63DDDA83-4F95-4076-B0E7-E032104A7930}
	EndGlobalSection
	GlobalSection(ExtensibilityGlobals) = postSolution
		SolutionGuid = {5FF93048-3F9C-4F41-A037-6D64CDEBCDD2}
	EndGlobalSection
EndGlobal
